// !$*UTF8*$!
{
	archiveVersion = 1;
	classes = {
	};
	objectVersion = 56;
	objects = {

/* Begin PBXBuildFile section */
		809B18272B0916620068B170 /* Utilities.swift in Sources */ = {isa = PBXBuildFile; fileRef = 809B18262B0916620068B170 /* Utilities.swift */; };
		809B18292B0A135B0068B170 /* GoogleService-Info.plist in Resources */ = {isa = PBXBuildFile; fileRef = 809B18282B0A135B0068B170 /* GoogleService-Info.plist */; };
		80A2E7B02B06BA5600D59535 /* GoogleSignIn in Frameworks */ = {isa = PBXBuildFile; productRef = 80A2E7AF2B06BA5600D59535 /* GoogleSignIn */; };
		80A2E7B22B06BA5600D59535 /* GoogleSignInSwift in Frameworks */ = {isa = PBXBuildFile; productRef = 80A2E7B12B06BA5600D59535 /* GoogleSignInSwift */; };
		80A959102AE876A800B275AF /* FirebaseAnalytics in Frameworks */ = {isa = PBXBuildFile; productRef = 80A9590F2AE876A800B275AF /* FirebaseAnalytics */; };
		80A959122AE876A800B275AF /* FirebaseAnalyticsOnDeviceConversion in Frameworks */ = {isa = PBXBuildFile; productRef = 80A959112AE876A800B275AF /* FirebaseAnalyticsOnDeviceConversion */; };
		80A959142AE876A800B275AF /* FirebaseAnalyticsSwift in Frameworks */ = {isa = PBXBuildFile; productRef = 80A959132AE876A800B275AF /* FirebaseAnalyticsSwift */; };
		80A959162AE876A800B275AF /* FirebaseAnalyticsWithoutAdIdSupport in Frameworks */ = {isa = PBXBuildFile; productRef = 80A959152AE876A800B275AF /* FirebaseAnalyticsWithoutAdIdSupport */; };
		80A959182AE876A800B275AF /* FirebaseAppCheck in Frameworks */ = {isa = PBXBuildFile; productRef = 80A959172AE876A800B275AF /* FirebaseAppCheck */; };
		80A9591A2AE876A800B275AF /* FirebaseAppDistribution-Beta in Frameworks */ = {isa = PBXBuildFile; productRef = 80A959192AE876A800B275AF /* FirebaseAppDistribution-Beta */; };
		80A9591C2AE876A800B275AF /* FirebaseAuth in Frameworks */ = {isa = PBXBuildFile; productRef = 80A9591B2AE876A800B275AF /* FirebaseAuth */; };
		80A9591E2AE876A800B275AF /* FirebaseAuthCombine-Community in Frameworks */ = {isa = PBXBuildFile; productRef = 80A9591D2AE876A800B275AF /* FirebaseAuthCombine-Community */; };
		80A959202AE876A800B275AF /* FirebaseCrashlytics in Frameworks */ = {isa = PBXBuildFile; productRef = 80A9591F2AE876A800B275AF /* FirebaseCrashlytics */; };
		80A959222AE876A800B275AF /* FirebaseDatabase in Frameworks */ = {isa = PBXBuildFile; productRef = 80A959212AE876A800B275AF /* FirebaseDatabase */; };
		80A959242AE876A800B275AF /* FirebaseDatabaseSwift in Frameworks */ = {isa = PBXBuildFile; productRef = 80A959232AE876A800B275AF /* FirebaseDatabaseSwift */; };
		80A959262AE876A800B275AF /* FirebaseDynamicLinks in Frameworks */ = {isa = PBXBuildFile; productRef = 80A959252AE876A800B275AF /* FirebaseDynamicLinks */; };
		80A959282AE876A800B275AF /* FirebaseFirestore in Frameworks */ = {isa = PBXBuildFile; productRef = 80A959272AE876A800B275AF /* FirebaseFirestore */; };
		80A9592A2AE876A800B275AF /* FirebaseFirestoreCombine-Community in Frameworks */ = {isa = PBXBuildFile; productRef = 80A959292AE876A800B275AF /* FirebaseFirestoreCombine-Community */; };
		80A9592C2AE876A800B275AF /* FirebaseFirestoreSwift in Frameworks */ = {isa = PBXBuildFile; productRef = 80A9592B2AE876A800B275AF /* FirebaseFirestoreSwift */; };
		80A9592E2AE876A800B275AF /* FirebaseFunctions in Frameworks */ = {isa = PBXBuildFile; productRef = 80A9592D2AE876A800B275AF /* FirebaseFunctions */; };
		80A959302AE876A800B275AF /* FirebaseFunctionsCombine-Community in Frameworks */ = {isa = PBXBuildFile; productRef = 80A9592F2AE876A800B275AF /* FirebaseFunctionsCombine-Community */; };
		80A959322AE876A800B275AF /* FirebaseInAppMessaging-Beta in Frameworks */ = {isa = PBXBuildFile; productRef = 80A959312AE876A800B275AF /* FirebaseInAppMessaging-Beta */; };
		80A959342AE876A800B275AF /* FirebaseInAppMessagingSwift-Beta in Frameworks */ = {isa = PBXBuildFile; productRef = 80A959332AE876A800B275AF /* FirebaseInAppMessagingSwift-Beta */; };
		80A959362AE876A800B275AF /* FirebaseInstallations in Frameworks */ = {isa = PBXBuildFile; productRef = 80A959352AE876A800B275AF /* FirebaseInstallations */; };
		80A959382AE876A800B275AF /* FirebaseMLModelDownloader in Frameworks */ = {isa = PBXBuildFile; productRef = 80A959372AE876A800B275AF /* FirebaseMLModelDownloader */; };
		80A9593A2AE876A800B275AF /* FirebaseMessaging in Frameworks */ = {isa = PBXBuildFile; productRef = 80A959392AE876A800B275AF /* FirebaseMessaging */; };
		80A9593C2AE876A800B275AF /* FirebasePerformance in Frameworks */ = {isa = PBXBuildFile; productRef = 80A9593B2AE876A800B275AF /* FirebasePerformance */; };
		80A9593E2AE876A800B275AF /* FirebaseRemoteConfig in Frameworks */ = {isa = PBXBuildFile; productRef = 80A9593D2AE876A800B275AF /* FirebaseRemoteConfig */; };
		80A959402AE876A800B275AF /* FirebaseRemoteConfigSwift in Frameworks */ = {isa = PBXBuildFile; productRef = 80A9593F2AE876A800B275AF /* FirebaseRemoteConfigSwift */; };
		80A959422AE876A800B275AF /* FirebaseStorage in Frameworks */ = {isa = PBXBuildFile; productRef = 80A959412AE876A800B275AF /* FirebaseStorage */; };
		80A959442AE876A800B275AF /* FirebaseStorageCombine-Community in Frameworks */ = {isa = PBXBuildFile; productRef = 80A959432AE876A800B275AF /* FirebaseStorageCombine-Community */; };
		80B08C332ACD72FE00641575 /* splitApp.swift in Sources */ = {isa = PBXBuildFile; fileRef = 80B08C322ACD72FE00641575 /* splitApp.swift */; };
		80B08C352ACD72FE00641575 /* MainView.swift in Sources */ = {isa = PBXBuildFile; fileRef = 80B08C342ACD72FE00641575 /* MainView.swift */; };
		80B08C372ACD730200641575 /* Assets.xcassets in Resources */ = {isa = PBXBuildFile; fileRef = 80B08C362ACD730200641575 /* Assets.xcassets */; };
		80B08C3A2ACD730200641575 /* Preview Assets.xcassets in Resources */ = {isa = PBXBuildFile; fileRef = 80B08C392ACD730200641575 /* Preview Assets.xcassets */; };
		80B08C462ACD751500641575 /* UserModel.swift in Sources */ = {isa = PBXBuildFile; fileRef = 80B08C452ACD751500641575 /* UserModel.swift */; };
		80B08C482ACD754000641575 /* ExpenseModel.swift in Sources */ = {isa = PBXBuildFile; fileRef = 80B08C472ACD754000641575 /* ExpenseModel.swift */; };
		80B08C4A2ACD758800641575 /* LoginView.swift in Sources */ = {isa = PBXBuildFile; fileRef = 80B08C492ACD758800641575 /* LoginView.swift */; };
		80B08C4C2ACD759600641575 /* RegisterView.swift in Sources */ = {isa = PBXBuildFile; fileRef = 80B08C4B2ACD759600641575 /* RegisterView.swift */; };
		80B08C4E2ACD75A600641575 /* ProfileView.swift in Sources */ = {isa = PBXBuildFile; fileRef = 80B08C4D2ACD75A600641575 /* ProfileView.swift */; };
		80B08C502ACD75B800641575 /* AddExpenseView.swift in Sources */ = {isa = PBXBuildFile; fileRef = 80B08C4F2ACD75B800641575 /* AddExpenseView.swift */; };
		80B08C522ACD75C700641575 /* AddParticipants.swift in Sources */ = {isa = PBXBuildFile; fileRef = 80B08C512ACD75C700641575 /* AddParticipants.swift */; };
		80B08C542ACD75DE00641575 /* SplitBillView.swift in Sources */ = {isa = PBXBuildFile; fileRef = 80B08C532ACD75DE00641575 /* SplitBillView.swift */; };
		80B08C562ACD76B200641575 /* LoginViewVM.swift in Sources */ = {isa = PBXBuildFile; fileRef = 80B08C552ACD76B200641575 /* LoginViewVM.swift */; };
		80B08C582ACD76BE00641575 /* RegisterViewVM.swift in Sources */ = {isa = PBXBuildFile; fileRef = 80B08C572ACD76BE00641575 /* RegisterViewVM.swift */; };
		80B08C5A2ACD76CA00641575 /* ProfileViewVM.swift in Sources */ = {isa = PBXBuildFile; fileRef = 80B08C592ACD76CA00641575 /* ProfileViewVM.swift */; };
		80B08C5C2ACD76DE00641575 /* AddExpenseViewVM.swift in Sources */ = {isa = PBXBuildFile; fileRef = 80B08C5B2ACD76DE00641575 /* AddExpenseViewVM.swift */; };
		80B08C5E2ACD76EE00641575 /* AddParticipantViewVM.swift in Sources */ = {isa = PBXBuildFile; fileRef = 80B08C5D2ACD76EE00641575 /* AddParticipantViewVM.swift */; };
		80B08C602ACD777F00641575 /* SplitBillViewVM.swift in Sources */ = {isa = PBXBuildFile; fileRef = 80B08C5F2ACD777F00641575 /* SplitBillViewVM.swift */; };
		80F7CEA92ADC8E25000C7C08 /* PressStart2P-Regular.ttf in Resources */ = {isa = PBXBuildFile; fileRef = 80F7CEA82ADC8E24000C7C08 /* PressStart2P-Regular.ttf */; };
		BFF8BF9F2AF4DD8F008D53A2 /* HomeView.swift in Sources */ = {isa = PBXBuildFile; fileRef = BFF8BF9E2AF4DD8F008D53A2 /* HomeView.swift */; };
/* End PBXBuildFile section */

/* Begin PBXFileReference section */
		809B18262B0916620068B170 /* Utilities.swift */ = {isa = PBXFileReference; lastKnownFileType = sourcecode.swift; path = Utilities.swift; sourceTree = "<group>"; };
		809B18282B0A135B0068B170 /* GoogleService-Info.plist */ = {isa = PBXFileReference; fileEncoding = 4; lastKnownFileType = text.plist.xml; path = "GoogleService-Info.plist"; sourceTree = "<group>"; };
		80B08C2F2ACD72FE00641575 /* split.app */ = {isa = PBXFileReference; explicitFileType = wrapper.application; includeInIndex = 0; path = split.app; sourceTree = BUILT_PRODUCTS_DIR; };
		80B08C322ACD72FE00641575 /* splitApp.swift */ = {isa = PBXFileReference; lastKnownFileType = sourcecode.swift; path = splitApp.swift; sourceTree = "<group>"; };
		80B08C342ACD72FE00641575 /* MainView.swift */ = {isa = PBXFileReference; lastKnownFileType = sourcecode.swift; path = MainView.swift; sourceTree = "<group>"; };
		80B08C362ACD730200641575 /* Assets.xcassets */ = {isa = PBXFileReference; lastKnownFileType = folder.assetcatalog; path = Assets.xcassets; sourceTree = "<group>"; };
		80B08C392ACD730200641575 /* Preview Assets.xcassets */ = {isa = PBXFileReference; lastKnownFileType = folder.assetcatalog; path = "Preview Assets.xcassets"; sourceTree = "<group>"; };
		80B08C452ACD751500641575 /* UserModel.swift */ = {isa = PBXFileReference; lastKnownFileType = sourcecode.swift; path = UserModel.swift; sourceTree = "<group>"; };
		80B08C472ACD754000641575 /* ExpenseModel.swift */ = {isa = PBXFileReference; lastKnownFileType = sourcecode.swift; path = ExpenseModel.swift; sourceTree = "<group>"; };
		80B08C492ACD758800641575 /* LoginView.swift */ = {isa = PBXFileReference; lastKnownFileType = sourcecode.swift; path = LoginView.swift; sourceTree = "<group>"; };
		80B08C4B2ACD759600641575 /* RegisterView.swift */ = {isa = PBXFileReference; lastKnownFileType = sourcecode.swift; path = RegisterView.swift; sourceTree = "<group>"; };
		80B08C4D2ACD75A600641575 /* ProfileView.swift */ = {isa = PBXFileReference; lastKnownFileType = sourcecode.swift; path = ProfileView.swift; sourceTree = "<group>"; };
		80B08C4F2ACD75B800641575 /* AddExpenseView.swift */ = {isa = PBXFileReference; lastKnownFileType = sourcecode.swift; path = AddExpenseView.swift; sourceTree = "<group>"; };
		80B08C512ACD75C700641575 /* AddParticipants.swift */ = {isa = PBXFileReference; lastKnownFileType = sourcecode.swift; path = AddParticipants.swift; sourceTree = "<group>"; };
		80B08C532ACD75DE00641575 /* SplitBillView.swift */ = {isa = PBXFileReference; lastKnownFileType = sourcecode.swift; path = SplitBillView.swift; sourceTree = "<group>"; };
		80B08C552ACD76B200641575 /* LoginViewVM.swift */ = {isa = PBXFileReference; lastKnownFileType = sourcecode.swift; path = LoginViewVM.swift; sourceTree = "<group>"; };
		80B08C572ACD76BE00641575 /* RegisterViewVM.swift */ = {isa = PBXFileReference; lastKnownFileType = sourcecode.swift; path = RegisterViewVM.swift; sourceTree = "<group>"; };
		80B08C592ACD76CA00641575 /* ProfileViewVM.swift */ = {isa = PBXFileReference; lastKnownFileType = sourcecode.swift; path = ProfileViewVM.swift; sourceTree = "<group>"; };
		80B08C5B2ACD76DE00641575 /* AddExpenseViewVM.swift */ = {isa = PBXFileReference; lastKnownFileType = sourcecode.swift; path = AddExpenseViewVM.swift; sourceTree = "<group>"; };
		80B08C5D2ACD76EE00641575 /* AddParticipantViewVM.swift */ = {isa = PBXFileReference; lastKnownFileType = sourcecode.swift; path = AddParticipantViewVM.swift; sourceTree = "<group>"; };
		80B08C5F2ACD777F00641575 /* SplitBillViewVM.swift */ = {isa = PBXFileReference; lastKnownFileType = sourcecode.swift; path = SplitBillViewVM.swift; sourceTree = "<group>"; };
		80F7CEA82ADC8E24000C7C08 /* PressStart2P-Regular.ttf */ = {isa = PBXFileReference; lastKnownFileType = file; path = "PressStart2P-Regular.ttf"; sourceTree = "<group>"; };
		80F7CEAA2ADC98D0000C7C08 /* Info.plist */ = {isa = PBXFileReference; lastKnownFileType = text.plist.xml; path = Info.plist; sourceTree = "<group>"; };
		BFF8BF9E2AF4DD8F008D53A2 /* HomeView.swift */ = {isa = PBXFileReference; lastKnownFileType = sourcecode.swift; path = HomeView.swift; sourceTree = "<group>"; };
/* End PBXFileReference section */

/* Begin PBXFrameworksBuildPhase section */
		80B08C2C2ACD72FE00641575 /* Frameworks */ = {
			isa = PBXFrameworksBuildPhase;
			buildActionMask = 2147483647;
			files = (
				80A959222AE876A800B275AF /* FirebaseDatabase in Frameworks */,
				80A959302AE876A800B275AF /* FirebaseFunctionsCombine-Community in Frameworks */,
				80A959282AE876A800B275AF /* FirebaseFirestore in Frameworks */,
				80A959142AE876A800B275AF /* FirebaseAnalyticsSwift in Frameworks */,
				80A959102AE876A800B275AF /* FirebaseAnalytics in Frameworks */,
				80A959122AE876A800B275AF /* FirebaseAnalyticsOnDeviceConversion in Frameworks */,
				80A959382AE876A800B275AF /* FirebaseMLModelDownloader in Frameworks */,
				80A2E7B22B06BA5600D59535 /* GoogleSignInSwift in Frameworks */,
				80A9592C2AE876A800B275AF /* FirebaseFirestoreSwift in Frameworks */,
				80A959182AE876A800B275AF /* FirebaseAppCheck in Frameworks */,
				80A959162AE876A800B275AF /* FirebaseAnalyticsWithoutAdIdSupport in Frameworks */,
				80A9591C2AE876A800B275AF /* FirebaseAuth in Frameworks */,
				80A959202AE876A800B275AF /* FirebaseCrashlytics in Frameworks */,
				80A959402AE876A800B275AF /* FirebaseRemoteConfigSwift in Frameworks */,
				80A2E7B02B06BA5600D59535 /* GoogleSignIn in Frameworks */,
				80A959322AE876A800B275AF /* FirebaseInAppMessaging-Beta in Frameworks */,
				80A959242AE876A800B275AF /* FirebaseDatabaseSwift in Frameworks */,
				80A9592E2AE876A800B275AF /* FirebaseFunctions in Frameworks */,
				80A959442AE876A800B275AF /* FirebaseStorageCombine-Community in Frameworks */,
				80A9593E2AE876A800B275AF /* FirebaseRemoteConfig in Frameworks */,
				80A9591A2AE876A800B275AF /* FirebaseAppDistribution-Beta in Frameworks */,
				80A9591E2AE876A800B275AF /* FirebaseAuthCombine-Community in Frameworks */,
				80A9593C2AE876A800B275AF /* FirebasePerformance in Frameworks */,
				80A959342AE876A800B275AF /* FirebaseInAppMessagingSwift-Beta in Frameworks */,
				80A959422AE876A800B275AF /* FirebaseStorage in Frameworks */,
				80A959262AE876A800B275AF /* FirebaseDynamicLinks in Frameworks */,
				80A9592A2AE876A800B275AF /* FirebaseFirestoreCombine-Community in Frameworks */,
				80A9593A2AE876A800B275AF /* FirebaseMessaging in Frameworks */,
				80A959362AE876A800B275AF /* FirebaseInstallations in Frameworks */,
			);
			runOnlyForDeploymentPostprocessing = 0;
		};
/* End PBXFrameworksBuildPhase section */

/* Begin PBXGroup section */
		809B18252B09163B0068B170 /* Utilities */ = {
			isa = PBXGroup;
			children = (
				809B18262B0916620068B170 /* Utilities.swift */,
			);
			path = Utilities;
			sourceTree = "<group>";
		};
		80B08C262ACD72FE00641575 = {
			isa = PBXGroup;
			children = (
				80B08C312ACD72FE00641575 /* split */,
				80B08C302ACD72FE00641575 /* Products */,
			);
			sourceTree = "<group>";
		};
		80B08C302ACD72FE00641575 /* Products */ = {
			isa = PBXGroup;
			children = (
				80B08C2F2ACD72FE00641575 /* split.app */,
			);
			name = Products;
			sourceTree = "<group>";
		};
		80B08C312ACD72FE00641575 /* split */ = {
			isa = PBXGroup;
			children = (
				809B18252B09163B0068B170 /* Utilities */,
				80F7CEAA2ADC98D0000C7C08 /* Info.plist */,
				80B08C442ACD74FC00641575 /* ViewModels */,
				80B08C422ACD744900641575 /* Views */,
				80B08C412ACD743D00641575 /* Models */,
				80B08C402ACD743300641575 /* Other */,
				80B08C382ACD730200641575 /* Preview Content */,
			);
			path = split;
			sourceTree = "<group>";
		};
		80B08C382ACD730200641575 /* Preview Content */ = {
			isa = PBXGroup;
			children = (
				80B08C392ACD730200641575 /* Preview Assets.xcassets */,
			);
			path = "Preview Content";
			sourceTree = "<group>";
		};
		80B08C402ACD743300641575 /* Other */ = {
			isa = PBXGroup;
			children = (
				80B08C322ACD72FE00641575 /* splitApp.swift */,
				809B18282B0A135B0068B170 /* GoogleService-Info.plist */,
				80F7CEA82ADC8E24000C7C08 /* PressStart2P-Regular.ttf */,
				80B08C362ACD730200641575 /* Assets.xcassets */,
			);
			path = Other;
			sourceTree = "<group>";
		};
		80B08C412ACD743D00641575 /* Models */ = {
			isa = PBXGroup;
			children = (
				80B08C452ACD751500641575 /* UserModel.swift */,
				80B08C472ACD754000641575 /* ExpenseModel.swift */,
			);
			path = Models;
			sourceTree = "<group>";
		};
		80B08C422ACD744900641575 /* Views */ = {
			isa = PBXGroup;
			children = (
				80B08C342ACD72FE00641575 /* MainView.swift */,
				80B08C492ACD758800641575 /* LoginView.swift */,
				80B08C4B2ACD759600641575 /* RegisterView.swift */,
				80B08C4D2ACD75A600641575 /* ProfileView.swift */,
				80B08C4F2ACD75B800641575 /* AddExpenseView.swift */,
				80B08C512ACD75C700641575 /* AddParticipants.swift */,
				80B08C532ACD75DE00641575 /* SplitBillView.swift */,
				BFF8BF9E2AF4DD8F008D53A2 /* HomeView.swift */,
			);
			path = Views;
			sourceTree = "<group>";
		};
		80B08C442ACD74FC00641575 /* ViewModels */ = {
			isa = PBXGroup;
			children = (
				80B08C552ACD76B200641575 /* LoginViewVM.swift */,
				80B08C572ACD76BE00641575 /* RegisterViewVM.swift */,
				80B08C592ACD76CA00641575 /* ProfileViewVM.swift */,
				80B08C5B2ACD76DE00641575 /* AddExpenseViewVM.swift */,
				80B08C5D2ACD76EE00641575 /* AddParticipantViewVM.swift */,
				80B08C5F2ACD777F00641575 /* SplitBillViewVM.swift */,
			);
			path = ViewModels;
			sourceTree = "<group>";
		};
/* End PBXGroup section */

/* Begin PBXNativeTarget section */
		80B08C2E2ACD72FE00641575 /* split */ = {
			isa = PBXNativeTarget;
			buildConfigurationList = 80B08C3D2ACD730200641575 /* Build configuration list for PBXNativeTarget "split" */;
			buildPhases = (
				80B08C2B2ACD72FE00641575 /* Sources */,
				80B08C2C2ACD72FE00641575 /* Frameworks */,
				80B08C2D2ACD72FE00641575 /* Resources */,
			);
			buildRules = (
			);
			dependencies = (
			);
			name = split;
			packageProductDependencies = (
				80A9590F2AE876A800B275AF /* FirebaseAnalytics */,
				80A959112AE876A800B275AF /* FirebaseAnalyticsOnDeviceConversion */,
				80A959132AE876A800B275AF /* FirebaseAnalyticsSwift */,
				80A959152AE876A800B275AF /* FirebaseAnalyticsWithoutAdIdSupport */,
				80A959172AE876A800B275AF /* FirebaseAppCheck */,
				80A959192AE876A800B275AF /* FirebaseAppDistribution-Beta */,
				80A9591B2AE876A800B275AF /* FirebaseAuth */,
				80A9591D2AE876A800B275AF /* FirebaseAuthCombine-Community */,
				80A9591F2AE876A800B275AF /* FirebaseCrashlytics */,
				80A959212AE876A800B275AF /* FirebaseDatabase */,
				80A959232AE876A800B275AF /* FirebaseDatabaseSwift */,
				80A959252AE876A800B275AF /* FirebaseDynamicLinks */,
				80A959272AE876A800B275AF /* FirebaseFirestore */,
				80A959292AE876A800B275AF /* FirebaseFirestoreCombine-Community */,
				80A9592B2AE876A800B275AF /* FirebaseFirestoreSwift */,
				80A9592D2AE876A800B275AF /* FirebaseFunctions */,
				80A9592F2AE876A800B275AF /* FirebaseFunctionsCombine-Community */,
				80A959312AE876A800B275AF /* FirebaseInAppMessaging-Beta */,
				80A959332AE876A800B275AF /* FirebaseInAppMessagingSwift-Beta */,
				80A959352AE876A800B275AF /* FirebaseInstallations */,
				80A959372AE876A800B275AF /* FirebaseMLModelDownloader */,
				80A959392AE876A800B275AF /* FirebaseMessaging */,
				80A9593B2AE876A800B275AF /* FirebasePerformance */,
				80A9593D2AE876A800B275AF /* FirebaseRemoteConfig */,
				80A9593F2AE876A800B275AF /* FirebaseRemoteConfigSwift */,
				80A959412AE876A800B275AF /* FirebaseStorage */,
				80A959432AE876A800B275AF /* FirebaseStorageCombine-Community */,
				80A2E7AF2B06BA5600D59535 /* GoogleSignIn */,
				80A2E7B12B06BA5600D59535 /* GoogleSignInSwift */,
			);
			productName = split;
			productReference = 80B08C2F2ACD72FE00641575 /* split.app */;
			productType = "com.apple.product-type.application";
		};
/* End PBXNativeTarget section */

/* Begin PBXProject section */
		80B08C272ACD72FE00641575 /* Project object */ = {
			isa = PBXProject;
			attributes = {
				BuildIndependentTargetsInParallel = 1;
				LastSwiftUpdateCheck = 1500;
				LastUpgradeCheck = 1500;
				TargetAttributes = {
					80B08C2E2ACD72FE00641575 = {
						CreatedOnToolsVersion = 15.0;
					};
				};
			};
			buildConfigurationList = 80B08C2A2ACD72FE00641575 /* Build configuration list for PBXProject "split" */;
			compatibilityVersion = "Xcode 14.0";
			developmentRegion = en;
			hasScannedForEncodings = 0;
			knownRegions = (
				en,
				Base,
			);
			mainGroup = 80B08C262ACD72FE00641575;
			packageReferences = (
				80A9590E2AE876A800B275AF /* XCRemoteSwiftPackageReference "firebase-ios-sdk" */,
				80A2E7AE2B06BA5600D59535 /* XCRemoteSwiftPackageReference "GoogleSignIn-iOS" */,
			);
			productRefGroup = 80B08C302ACD72FE00641575 /* Products */;
			projectDirPath = "";
			projectRoot = "";
			targets = (
				80B08C2E2ACD72FE00641575 /* split */,
			);
		};
/* End PBXProject section */

/* Begin PBXResourcesBuildPhase section */
		80B08C2D2ACD72FE00641575 /* Resources */ = {
			isa = PBXResourcesBuildPhase;
			buildActionMask = 2147483647;
			files = (
				80F7CEA92ADC8E25000C7C08 /* PressStart2P-Regular.ttf in Resources */,
				809B18292B0A135B0068B170 /* GoogleService-Info.plist in Resources */,
				80B08C3A2ACD730200641575 /* Preview Assets.xcassets in Resources */,
				80B08C372ACD730200641575 /* Assets.xcassets in Resources */,
			);
			runOnlyForDeploymentPostprocessing = 0;
		};
/* End PBXResourcesBuildPhase section */

/* Begin PBXSourcesBuildPhase section */
		80B08C2B2ACD72FE00641575 /* Sources */ = {
			isa = PBXSourcesBuildPhase;
			buildActionMask = 2147483647;
			files = (
				80B08C542ACD75DE00641575 /* SplitBillView.swift in Sources */,
				80B08C522ACD75C700641575 /* AddParticipants.swift in Sources */,
				80B08C352ACD72FE00641575 /* MainView.swift in Sources */,
				80B08C332ACD72FE00641575 /* splitApp.swift in Sources */,
				80B08C5C2ACD76DE00641575 /* AddExpenseViewVM.swift in Sources */,
				BFF8BF9F2AF4DD8F008D53A2 /* HomeView.swift in Sources */,
				809B18272B0916620068B170 /* Utilities.swift in Sources */,
				80B08C562ACD76B200641575 /* LoginViewVM.swift in Sources */,
				80B08C482ACD754000641575 /* ExpenseModel.swift in Sources */,
				80B08C582ACD76BE00641575 /* RegisterViewVM.swift in Sources */,
				80B08C5E2ACD76EE00641575 /* AddParticipantViewVM.swift in Sources */,
				80B08C502ACD75B800641575 /* AddExpenseView.swift in Sources */,
				80B08C4C2ACD759600641575 /* RegisterView.swift in Sources */,
				80B08C4A2ACD758800641575 /* LoginView.swift in Sources */,
				80B08C4E2ACD75A600641575 /* ProfileView.swift in Sources */,
				80B08C602ACD777F00641575 /* SplitBillViewVM.swift in Sources */,
				80B08C5A2ACD76CA00641575 /* ProfileViewVM.swift in Sources */,
				80B08C462ACD751500641575 /* UserModel.swift in Sources */,
			);
			runOnlyForDeploymentPostprocessing = 0;
		};
/* End PBXSourcesBuildPhase section */

/* Begin XCBuildConfiguration section */
		80B08C3B2ACD730200641575 /* Debug */ = {
			isa = XCBuildConfiguration;
			buildSettings = {
				ALWAYS_SEARCH_USER_PATHS = NO;
				ASSETCATALOG_COMPILER_GENERATE_SWIFT_ASSET_SYMBOL_EXTENSIONS = YES;
				CLANG_ANALYZER_NONNULL = YES;
				CLANG_ANALYZER_NUMBER_OBJECT_CONVERSION = YES_AGGRESSIVE;
				CLANG_CXX_LANGUAGE_STANDARD = "gnu++20";
				CLANG_ENABLE_MODULES = YES;
				CLANG_ENABLE_OBJC_ARC = YES;
				CLANG_ENABLE_OBJC_WEAK = YES;
				CLANG_WARN_BLOCK_CAPTURE_AUTORELEASING = YES;
				CLANG_WARN_BOOL_CONVERSION = YES;
				CLANG_WARN_COMMA = YES;
				CLANG_WARN_CONSTANT_CONVERSION = YES;
				CLANG_WARN_DEPRECATED_OBJC_IMPLEMENTATIONS = YES;
				CLANG_WARN_DIRECT_OBJC_ISA_USAGE = YES_ERROR;
				CLANG_WARN_DOCUMENTATION_COMMENTS = YES;
				CLANG_WARN_EMPTY_BODY = YES;
				CLANG_WARN_ENUM_CONVERSION = YES;
				CLANG_WARN_INFINITE_RECURSION = YES;
				CLANG_WARN_INT_CONVERSION = YES;
				CLANG_WARN_NON_LITERAL_NULL_CONVERSION = YES;
				CLANG_WARN_OBJC_IMPLICIT_RETAIN_SELF = YES;
				CLANG_WARN_OBJC_LITERAL_CONVERSION = YES;
				CLANG_WARN_OBJC_ROOT_CLASS = YES_ERROR;
				CLANG_WARN_QUOTED_INCLUDE_IN_FRAMEWORK_HEADER = YES;
				CLANG_WARN_RANGE_LOOP_ANALYSIS = YES;
				CLANG_WARN_STRICT_PROTOTYPES = YES;
				CLANG_WARN_SUSPICIOUS_MOVE = YES;
				CLANG_WARN_UNGUARDED_AVAILABILITY = YES_AGGRESSIVE;
				CLANG_WARN_UNREACHABLE_CODE = YES;
				CLANG_WARN__DUPLICATE_METHOD_MATCH = YES;
				COPY_PHASE_STRIP = NO;
				DEBUG_INFORMATION_FORMAT = dwarf;
				ENABLE_STRICT_OBJC_MSGSEND = YES;
				ENABLE_TESTABILITY = YES;
				ENABLE_USER_SCRIPT_SANDBOXING = YES;
				GCC_C_LANGUAGE_STANDARD = gnu17;
				GCC_DYNAMIC_NO_PIC = NO;
				GCC_NO_COMMON_BLOCKS = YES;
				GCC_OPTIMIZATION_LEVEL = 0;
				GCC_PREPROCESSOR_DEFINITIONS = (
					"DEBUG=1",
					"$(inherited)",
				);
				GCC_WARN_64_TO_32_BIT_CONVERSION = YES;
				GCC_WARN_ABOUT_RETURN_TYPE = YES_ERROR;
				GCC_WARN_UNDECLARED_SELECTOR = YES;
				GCC_WARN_UNINITIALIZED_AUTOS = YES_AGGRESSIVE;
				GCC_WARN_UNUSED_FUNCTION = YES;
				GCC_WARN_UNUSED_VARIABLE = YES;
				IPHONEOS_DEPLOYMENT_TARGET = 17.0;
				LOCALIZATION_PREFERS_STRING_CATALOGS = YES;
				MTL_ENABLE_DEBUG_INFO = INCLUDE_SOURCE;
				MTL_FAST_MATH = YES;
				ONLY_ACTIVE_ARCH = YES;
				SDKROOT = iphoneos;
				SWIFT_ACTIVE_COMPILATION_CONDITIONS = "DEBUG $(inherited)";
				SWIFT_OPTIMIZATION_LEVEL = "-Onone";
			};
			name = Debug;
		};
		80B08C3C2ACD730200641575 /* Release */ = {
			isa = XCBuildConfiguration;
			buildSettings = {
				ALWAYS_SEARCH_USER_PATHS = NO;
				ASSETCATALOG_COMPILER_GENERATE_SWIFT_ASSET_SYMBOL_EXTENSIONS = YES;
				CLANG_ANALYZER_NONNULL = YES;
				CLANG_ANALYZER_NUMBER_OBJECT_CONVERSION = YES_AGGRESSIVE;
				CLANG_CXX_LANGUAGE_STANDARD = "gnu++20";
				CLANG_ENABLE_MODULES = YES;
				CLANG_ENABLE_OBJC_ARC = YES;
				CLANG_ENABLE_OBJC_WEAK = YES;
				CLANG_WARN_BLOCK_CAPTURE_AUTORELEASING = YES;
				CLANG_WARN_BOOL_CONVERSION = YES;
				CLANG_WARN_COMMA = YES;
				CLANG_WARN_CONSTANT_CONVERSION = YES;
				CLANG_WARN_DEPRECATED_OBJC_IMPLEMENTATIONS = YES;
				CLANG_WARN_DIRECT_OBJC_ISA_USAGE = YES_ERROR;
				CLANG_WARN_DOCUMENTATION_COMMENTS = YES;
				CLANG_WARN_EMPTY_BODY = YES;
				CLANG_WARN_ENUM_CONVERSION = YES;
				CLANG_WARN_INFINITE_RECURSION = YES;
				CLANG_WARN_INT_CONVERSION = YES;
				CLANG_WARN_NON_LITERAL_NULL_CONVERSION = YES;
				CLANG_WARN_OBJC_IMPLICIT_RETAIN_SELF = YES;
				CLANG_WARN_OBJC_LITERAL_CONVERSION = YES;
				CLANG_WARN_OBJC_ROOT_CLASS = YES_ERROR;
				CLANG_WARN_QUOTED_INCLUDE_IN_FRAMEWORK_HEADER = YES;
				CLANG_WARN_RANGE_LOOP_ANALYSIS = YES;
				CLANG_WARN_STRICT_PROTOTYPES = YES;
				CLANG_WARN_SUSPICIOUS_MOVE = YES;
				CLANG_WARN_UNGUARDED_AVAILABILITY = YES_AGGRESSIVE;
				CLANG_WARN_UNREACHABLE_CODE = YES;
				CLANG_WARN__DUPLICATE_METHOD_MATCH = YES;
				COPY_PHASE_STRIP = NO;
				DEBUG_INFORMATION_FORMAT = "dwarf-with-dsym";
				ENABLE_NS_ASSERTIONS = NO;
				ENABLE_STRICT_OBJC_MSGSEND = YES;
				ENABLE_USER_SCRIPT_SANDBOXING = YES;
				GCC_C_LANGUAGE_STANDARD = gnu17;
				GCC_NO_COMMON_BLOCKS = YES;
				GCC_WARN_64_TO_32_BIT_CONVERSION = YES;
				GCC_WARN_ABOUT_RETURN_TYPE = YES_ERROR;
				GCC_WARN_UNDECLARED_SELECTOR = YES;
				GCC_WARN_UNINITIALIZED_AUTOS = YES_AGGRESSIVE;
				GCC_WARN_UNUSED_FUNCTION = YES;
				GCC_WARN_UNUSED_VARIABLE = YES;
				IPHONEOS_DEPLOYMENT_TARGET = 17.0;
				LOCALIZATION_PREFERS_STRING_CATALOGS = YES;
				MTL_ENABLE_DEBUG_INFO = NO;
				MTL_FAST_MATH = YES;
				SDKROOT = iphoneos;
				SWIFT_COMPILATION_MODE = wholemodule;
				VALIDATE_PRODUCT = YES;
			};
			name = Release;
		};
		80B08C3E2ACD730200641575 /* Debug */ = {
			isa = XCBuildConfiguration;
			buildSettings = {
				ASSETCATALOG_COMPILER_APPICON_NAME = AppIcon;
				ASSETCATALOG_COMPILER_GLOBAL_ACCENT_COLOR_NAME = AccentColor;
				CODE_SIGN_STYLE = Automatic;
				CURRENT_PROJECT_VERSION = 1;
				DEVELOPMENT_ASSET_PATHS = "\"split/Preview Content\"";
				DEVELOPMENT_TEAM = BR85YBCV5S;
				ENABLE_PREVIEWS = YES;
				GENERATE_INFOPLIST_FILE = YES;
				INFOPLIST_FILE = split/Info.plist;
				INFOPLIST_KEY_UIApplicationSceneManifest_Generation = YES;
				INFOPLIST_KEY_UIApplicationSupportsIndirectInputEvents = YES;
				INFOPLIST_KEY_UILaunchScreen_Generation = YES;
				INFOPLIST_KEY_UISupportedInterfaceOrientations_iPad = "UIInterfaceOrientationPortrait UIInterfaceOrientationPortraitUpsideDown UIInterfaceOrientationLandscapeLeft UIInterfaceOrientationLandscapeRight";
				INFOPLIST_KEY_UISupportedInterfaceOrientations_iPhone = "UIInterfaceOrientationPortrait UIInterfaceOrientationLandscapeLeft UIInterfaceOrientationLandscapeRight";
				LD_RUNPATH_SEARCH_PATHS = (
					"$(inherited)",
					"@executable_path/Frameworks",
				);
				MARKETING_VERSION = 1.0;
				PRODUCT_BUNDLE_IDENTIFIER = zawiyar.split;
				PRODUCT_NAME = "$(TARGET_NAME)";
				SWIFT_EMIT_LOC_STRINGS = YES;
				SWIFT_VERSION = 5.0;
				TARGETED_DEVICE_FAMILY = "1,2";
			};
			name = Debug;
		};
		80B08C3F2ACD730200641575 /* Release */ = {
			isa = XCBuildConfiguration;
			buildSettings = {
				ASSETCATALOG_COMPILER_APPICON_NAME = AppIcon;
				ASSETCATALOG_COMPILER_GLOBAL_ACCENT_COLOR_NAME = AccentColor;
				CODE_SIGN_STYLE = Automatic;
				CURRENT_PROJECT_VERSION = 1;
				DEVELOPMENT_ASSET_PATHS = "\"split/Preview Content\"";
				DEVELOPMENT_TEAM = BR85YBCV5S;
				ENABLE_PREVIEWS = YES;
				GENERATE_INFOPLIST_FILE = YES;
				INFOPLIST_FILE = split/Info.plist;
				INFOPLIST_KEY_UIApplicationSceneManifest_Generation = YES;
				INFOPLIST_KEY_UIApplicationSupportsIndirectInputEvents = YES;
				INFOPLIST_KEY_UILaunchScreen_Generation = YES;
				INFOPLIST_KEY_UISupportedInterfaceOrientations_iPad = "UIInterfaceOrientationPortrait UIInterfaceOrientationPortraitUpsideDown UIInterfaceOrientationLandscapeLeft UIInterfaceOrientationLandscapeRight";
				INFOPLIST_KEY_UISupportedInterfaceOrientations_iPhone = "UIInterfaceOrientationPortrait UIInterfaceOrientationLandscapeLeft UIInterfaceOrientationLandscapeRight";
				LD_RUNPATH_SEARCH_PATHS = (
					"$(inherited)",
					"@executable_path/Frameworks",
				);
				MARKETING_VERSION = 1.0;
				PRODUCT_BUNDLE_IDENTIFIER = zawiyar.split;
				PRODUCT_NAME = "$(TARGET_NAME)";
				SWIFT_EMIT_LOC_STRINGS = YES;
				SWIFT_VERSION = 5.0;
				TARGETED_DEVICE_FAMILY = "1,2";
			};
			name = Release;
		};
/* End XCBuildConfiguration section */

/* Begin XCConfigurationList section */
		80B08C2A2ACD72FE00641575 /* Build configuration list for PBXProject "split" */ = {
			isa = XCConfigurationList;
			buildConfigurations = (
				80B08C3B2ACD730200641575 /* Debug */,
				80B08C3C2ACD730200641575 /* Release */,
			);
			defaultConfigurationIsVisible = 0;
			defaultConfigurationName = Release;
		};
		80B08C3D2ACD730200641575 /* Build configuration list for PBXNativeTarget "split" */ = {
			isa = XCConfigurationList;
			buildConfigurations = (
				80B08C3E2ACD730200641575 /* Debug */,
				80B08C3F2ACD730200641575 /* Release */,
			);
			defaultConfigurationIsVisible = 0;
			defaultConfigurationName = Release;
		};
/* End XCConfigurationList section */

/* Begin XCRemoteSwiftPackageReference section */
		80A2E7AE2B06BA5600D59535 /* XCRemoteSwiftPackageReference "GoogleSignIn-iOS" */ = {
			isa = XCRemoteSwiftPackageReference;
			repositoryURL = "https://github.com/google/GoogleSignIn-iOS.git";
			requirement = {
				kind = upToNextMajorVersion;
				minimumVersion = 7.0.0;
			};
		};
		80A9590E2AE876A800B275AF /* XCRemoteSwiftPackageReference "firebase-ios-sdk" */ = {
			isa = XCRemoteSwiftPackageReference;
			repositoryURL = "https://github.com/firebase/firebase-ios-sdk.git";
			requirement = {
				kind = upToNextMajorVersion;
				minimumVersion = 10.16.0;
			};
		};
/* End XCRemoteSwiftPackageReference section */

/* Begin XCSwiftPackageProductDependency section */
		80A2E7AF2B06BA5600D59535 /* GoogleSignIn */ = {
			isa = XCSwiftPackageProductDependency;
			package = 80A2E7AE2B06BA5600D59535 /* XCRemoteSwiftPackageReference "GoogleSignIn-iOS" */;
			productName = GoogleSignIn;
		};
		80A2E7B12B06BA5600D59535 /* GoogleSignInSwift */ = {
			isa = XCSwiftPackageProductDependency;
			package = 80A2E7AE2B06BA5600D59535 /* XCRemoteSwiftPackageReference "GoogleSignIn-iOS" */;
			productName = GoogleSignInSwift;
		};
		80A9590F2AE876A800B275AF /* FirebaseAnalytics */ = {
			isa = XCSwiftPackageProductDependency;
			package = 80A9590E2AE876A800B275AF /* XCRemoteSwiftPackageReference "firebase-ios-sdk" */;
			productName = FirebaseAnalytics;
		};
		80A959112AE876A800B275AF /* FirebaseAnalyticsOnDeviceConversion */ = {
			isa = XCSwiftPackageProductDependency;
			package = 80A9590E2AE876A800B275AF /* XCRemoteSwiftPackageReference "firebase-ios-sdk" */;
			productName = FirebaseAnalyticsOnDeviceConversion;
		};
		80A959132AE876A800B275AF /* FirebaseAnalyticsSwift */ = {
			isa = XCSwiftPackageProductDependency;
			package = 80A9590E2AE876A800B275AF /* XCRemoteSwiftPackageReference "firebase-ios-sdk" */;
			productName = FirebaseAnalyticsSwift;
		};
		80A959152AE876A800B275AF /* FirebaseAnalyticsWithoutAdIdSupport */ = {
			isa = XCSwiftPackageProductDependency;
			package = 80A9590E2AE876A800B275AF /* XCRemoteSwiftPackageReference "firebase-ios-sdk" */;
			productName = FirebaseAnalyticsWithoutAdIdSupport;
		};
		80A959172AE876A800B275AF /* FirebaseAppCheck */ = {
			isa = XCSwiftPackageProductDependency;
			package = 80A9590E2AE876A800B275AF /* XCRemoteSwiftPackageReference "firebase-ios-sdk" */;
			productName = FirebaseAppCheck;
		};
		80A959192AE876A800B275AF /* FirebaseAppDistribution-Beta */ = {
			isa = XCSwiftPackageProductDependency;
			package = 80A9590E2AE876A800B275AF /* XCRemoteSwiftPackageReference "firebase-ios-sdk" */;
			productName = "FirebaseAppDistribution-Beta";
		};
		80A9591B2AE876A800B275AF /* FirebaseAuth */ = {
			isa = XCSwiftPackageProductDependency;
			package = 80A9590E2AE876A800B275AF /* XCRemoteSwiftPackageReference "firebase-ios-sdk" */;
			productName = FirebaseAuth;
		};
		80A9591D2AE876A800B275AF /* FirebaseAuthCombine-Community */ = {
			isa = XCSwiftPackageProductDependency;
			package = 80A9590E2AE876A800B275AF /* XCRemoteSwiftPackageReference "firebase-ios-sdk" */;
			productName = "FirebaseAuthCombine-Community";
		};
		80A9591F2AE876A800B275AF /* FirebaseCrashlytics */ = {
			isa = XCSwiftPackageProductDependency;
			package = 80A9590E2AE876A800B275AF /* XCRemoteSwiftPackageReference "firebase-ios-sdk" */;
			productName = FirebaseCrashlytics;
		};
		80A959212AE876A800B275AF /* FirebaseDatabase */ = {
			isa = XCSwiftPackageProductDependency;
			package = 80A9590E2AE876A800B275AF /* XCRemoteSwiftPackageReference "firebase-ios-sdk" */;
			productName = FirebaseDatabase;
		};
		80A959232AE876A800B275AF /* FirebaseDatabaseSwift */ = {
			isa = XCSwiftPackageProductDependency;
			package = 80A9590E2AE876A800B275AF /* XCRemoteSwiftPackageReference "firebase-ios-sdk" */;
			productName = FirebaseDatabaseSwift;
		};
		80A959252AE876A800B275AF /* FirebaseDynamicLinks */ = {
			isa = XCSwiftPackageProductDependency;
			package = 80A9590E2AE876A800B275AF /* XCRemoteSwiftPackageReference "firebase-ios-sdk" */;
			productName = FirebaseDynamicLinks;
		};
		80A959272AE876A800B275AF /* FirebaseFirestore */ = {
			isa = XCSwiftPackageProductDependency;
			package = 80A9590E2AE876A800B275AF /* XCRemoteSwiftPackageReference "firebase-ios-sdk" */;
			productName = FirebaseFirestore;
		};
		80A959292AE876A800B275AF /* FirebaseFirestoreCombine-Community */ = {
			isa = XCSwiftPackageProductDependency;
			package = 80A9590E2AE876A800B275AF /* XCRemoteSwiftPackageReference "firebase-ios-sdk" */;
			productName = "FirebaseFirestoreCombine-Community";
		};
		80A9592B2AE876A800B275AF /* FirebaseFirestoreSwift */ = {
			isa = XCSwiftPackageProductDependency;
			package = 80A9590E2AE876A800B275AF /* XCRemoteSwiftPackageReference "firebase-ios-sdk" */;
			productName = FirebaseFirestoreSwift;
		};
		80A9592D2AE876A800B275AF /* FirebaseFunctions */ = {
			isa = XCSwiftPackageProductDependency;
			package = 80A9590E2AE876A800B275AF /* XCRemoteSwiftPackageReference "firebase-ios-sdk" */;
			productName = FirebaseFunctions;
		};
		80A9592F2AE876A800B275AF /* FirebaseFunctionsCombine-Community */ = {
			isa = XCSwiftPackageProductDependency;
			package = 80A9590E2AE876A800B275AF /* XCRemoteSwiftPackageReference "firebase-ios-sdk" */;
			productName = "FirebaseFunctionsCombine-Community";
		};
		80A959312AE876A800B275AF /* FirebaseInAppMessaging-Beta */ = {
			isa = XCSwiftPackageProductDependency;
			package = 80A9590E2AE876A800B275AF /* XCRemoteSwiftPackageReference "firebase-ios-sdk" */;
			productName = "FirebaseInAppMessaging-Beta";
		};
		80A959332AE876A800B275AF /* FirebaseInAppMessagingSwift-Beta */ = {
			isa = XCSwiftPackageProductDependency;
			package = 80A9590E2AE876A800B275AF /* XCRemoteSwiftPackageReference "firebase-ios-sdk" */;
			productName = "FirebaseInAppMessagingSwift-Beta";
		};
		80A959352AE876A800B275AF /* FirebaseInstallations */ = {
			isa = XCSwiftPackageProductDependency;
			package = 80A9590E2AE876A800B275AF /* XCRemoteSwiftPackageReference "firebase-ios-sdk" */;
			productName = FirebaseInstallations;
		};
		80A959372AE876A800B275AF /* FirebaseMLModelDownloader */ = {
			isa = XCSwiftPackageProductDependency;
			package = 80A9590E2AE876A800B275AF /* XCRemoteSwiftPackageReference "firebase-ios-sdk" */;
			productName = FirebaseMLModelDownloader;
		};
		80A959392AE876A800B275AF /* FirebaseMessaging */ = {
			isa = XCSwiftPackageProductDependency;
			package = 80A9590E2AE876A800B275AF /* XCRemoteSwiftPackageReference "firebase-ios-sdk" */;
			productName = FirebaseMessaging;
		};
		80A9593B2AE876A800B275AF /* FirebasePerformance */ = {
			isa = XCSwiftPackageProductDependency;
			package = 80A9590E2AE876A800B275AF /* XCRemoteSwiftPackageReference "firebase-ios-sdk" */;
			productName = FirebasePerformance;
		};
		80A9593D2AE876A800B275AF /* FirebaseRemoteConfig */ = {
			isa = XCSwiftPackageProductDependency;
			package = 80A9590E2AE876A800B275AF /* XCRemoteSwiftPackageReference "firebase-ios-sdk" */;
			productName = FirebaseRemoteConfig;
		};
		80A9593F2AE876A800B275AF /* FirebaseRemoteConfigSwift */ = {
			isa = XCSwiftPackageProductDependency;
			package = 80A9590E2AE876A800B275AF /* XCRemoteSwiftPackageReference "firebase-ios-sdk" */;
			productName = FirebaseRemoteConfigSwift;
		};
		80A959412AE876A800B275AF /* FirebaseStorage */ = {
			isa = XCSwiftPackageProductDependency;
			package = 80A9590E2AE876A800B275AF /* XCRemoteSwiftPackageReference "firebase-ios-sdk" */;
			productName = FirebaseStorage;
		};
		80A959432AE876A800B275AF /* FirebaseStorageCombine-Community */ = {
			isa = XCSwiftPackageProductDependency;
			package = 80A9590E2AE876A800B275AF /* XCRemoteSwiftPackageReference "firebase-ios-sdk" */;
			productName = "FirebaseStorageCombine-Community";
		};
/* End XCSwiftPackageProductDependency section */
	};
	rootObject = 80B08C272ACD72FE00641575 /* Project object */;
}
